
Microsoft Visual Studio Solution File, Format Version 12.00
# Visual Studio Version 17
VisualStudioVersion = 17.1.32210.238
MinimumVisualStudioVersion = 10.0.40219.1
Project("{2150E333-8FDC-42A3-9474-1A3956D46DE8}") = "Task1", "Task1", "{45931BE3-E441-4FB0-9A9F-BFE0C3E8D51C}"
EndProject
Project("{9A19103F-16F7-4668-BE54-9A1E7A4F7556}") = "Task1", "Task1\Task1.csproj", "{76787CE4-5103-4C03-8649-ED2582B3DF3E}"
EndProject
Project("{2150E333-8FDC-42A3-9474-1A3956D46DE8}") = "Task2", "Task2", "{C95AB283-E95B-49A3-8E22-B22133448A33}"
EndProject
Project("{9A19103F-16F7-4668-BE54-9A1E7A4F7556}") = "Task2", "Task2\Task2.csproj", "{71ECF401-B54B-4315-9D8B-30BADAE87A56}"
EndProject
Project("{2150E333-8FDC-42A3-9474-1A3956D46DE8}") = "Task2_2", "Task2_2", "{C60A06A1-E288-45F7-A959-B97516987FAD}"
EndProject
Project("{2150E333-8FDC-42A3-9474-1A3956D46DE8}") = "Task3", "Task3", "{434BEB79-C6AE-4E99-9384-89738CA8C564}"
EndProject
Project("{2150E333-8FDC-42A3-9474-1A3956D46DE8}") = "Task4", "Task4", "{536F1DD6-5FE7-42D0-8492-B56A5A0FB40F}"
EndProject
Project("{2150E333-8FDC-42A3-9474-1A3956D46DE8}") = "Task5", "Task5", "{906657FE-5BBF-48D1-928E-F03EF2EC2B81}"
EndProject
Project("{9A19103F-16F7-4668-BE54-9A1E7A4F7556}") = "Task2_2", "Task2_2\Task2_2.csproj", "{0A4D3C31-35C7-486C-A766-1BF23D096E82}"
EndProject
Project("{9A19103F-16F7-4668-BE54-9A1E7A4F7556}") = "Task3", "Task3\Task3.csproj", "{1105DBBA-A5F6-4C84-A79A-D6E795652A3B}"
EndProject
Project("{9A19103F-16F7-4668-BE54-9A1E7A4F7556}") = "Task4", "Task4\Task4.csproj", "{FD8FD403-543C-4A7B-9F52-9FA79BE0FB20}"
EndProject
Project("{9A19103F-16F7-4668-BE54-9A1E7A4F7556}") = "Task5", "Task5\Task5.csproj", "{CA78880D-BB71-4DA4-8961-5A4D29AD289B}"
EndProject
Project("{2150E333-8FDC-42A3-9474-1A3956D46DE8}") = "Lessons", "Lessons", "{EDA171C9-6C7D-4664-AC23-71C5F7410727}"
EndProject
Project("{9A19103F-16F7-4668-BE54-9A1E7A4F7556}") = "Lesson02-05", "Lesson02-05\Lesson02-05.csproj", "{55460886-7ED4-40C1-8D86-57B39A7F301F}"
EndProject
Project("{2150E333-8FDC-42A3-9474-1A3956D46DE8}") = "Task6", "Task6", "{A9CCDD36-B170-44CB-BEB5-A0156612C9A8}"
EndProject
Project("{9A19103F-16F7-4668-BE54-9A1E7A4F7556}") = "Task6", "Task6\Task6.csproj", "{E8DE6D24-E6CD-470E-9FC1-43496405F35C}"
EndProject
Project("{2150E333-8FDC-42A3-9474-1A3956D46DE8}") = "Task6_2", "Task6_2", "{A9088CBA-018E-4671-9CBA-9F209B182CC4}"
EndProject
Project("{9A19103F-16F7-4668-BE54-9A1E7A4F7556}") = "Task6_2", "Task6_2\Task6_2.csproj", "{0CA7C133-5C6B-4F08-AD7B-077A99A6C749}"
EndProject
Project("{2150E333-8FDC-42A3-9474-1A3956D46DE8}") = "Task7", "Task7", "{A0870B78-FCE9-4E0F-B9D9-6D6472DBF540}"
EndProject
Project("{9A19103F-16F7-4668-BE54-9A1E7A4F7556}") = "Task7", "Task7\Task7.csproj", "{7EFFE152-9913-4569-ABFF-F87D346EF7F8}"
EndProject
Project("{2150E333-8FDC-42A3-9474-1A3956D46DE8}") = "Task8_1", "Task8_1", "{5D2DFE03-63F2-47A2-B759-8AA678E0AA48}"
EndProject
Project("{9A19103F-16F7-4668-BE54-9A1E7A4F7556}") = "Task8_1", "Task8\Task8_1.csproj", "{9C441382-AB5D-4C8A-B190-D52D2F21239D}"
EndProject
Project("{2150E333-8FDC-42A3-9474-1A3956D46DE8}") = "Task8_2", "Task8_2", "{1A4078A9-6A4C-422E-95F6-E59D83F94F5D}"
EndProject
Project("{2150E333-8FDC-42A3-9474-1A3956D46DE8}") = "TensorTask", "TensorTask", "{52BE96AA-D9DC-4AA9-927D-262264B629B4}"
EndProject
Project("{9A19103F-16F7-4668-BE54-9A1E7A4F7556}") = "TensorTask", "TensorTask\TensorTask.csproj", "{3A5AFAA2-A8A6-4920-A2BC-E7AFC13C93A8}"
EndProject
Project("{9A19103F-16F7-4668-BE54-9A1E7A4F7556}") = "Task8_2", "Task8_2\Task8_2.csproj", "{4A4725BE-6350-42BE-B78E-8A8F1848CECC}"
EndProject
Project("{9A19103F-16F7-4668-BE54-9A1E7A4F7556}") = "lesson14-06", "lesson14-06\lesson14-06.csproj", "{FC42CD61-CD6B-4F5B-90A1-D571C227440D}"
EndProject
Project("{9A19103F-16F7-4668-BE54-9A1E7A4F7556}") = "Lesson16-06", "Lesson16-06\Lesson16-06.csproj", "{C67CC974-996D-4358-A0A7-08AE00EBFB25}"
EndProject
Project("{2150E333-8FDC-42A3-9474-1A3956D46DE8}") = "Task8_3", "Task8_3", "{27AC214E-A695-4907-AF75-B4646B0CE00D}"
EndProject
Project("{FAE04EC0-301F-11D3-BF4B-00C04F79EFBC}") = "Task8_3", "Task8_3\Task8_3.csproj", "{DC7DCC6F-CB2E-49E2-9B7A-26195C56293F}"
EndProject
Global
	GlobalSection(SolutionConfigurationPlatforms) = preSolution
		Debug|Any CPU = Debug|Any CPU
		Release|Any CPU = Release|Any CPU
	EndGlobalSection
	GlobalSection(ProjectConfigurationPlatforms) = postSolution
		{76787CE4-5103-4C03-8649-ED2582B3DF3E}.Debug|Any CPU.ActiveCfg = Debug|Any CPU
		{76787CE4-5103-4C03-8649-ED2582B3DF3E}.Debug|Any CPU.Build.0 = Debug|Any CPU
		{76787CE4-5103-4C03-8649-ED2582B3DF3E}.Release|Any CPU.ActiveCfg = Release|Any CPU
		{76787CE4-5103-4C03-8649-ED2582B3DF3E}.Release|Any CPU.Build.0 = Release|Any CPU
		{71ECF401-B54B-4315-9D8B-30BADAE87A56}.Debug|Any CPU.ActiveCfg = Debug|Any CPU
		{71ECF401-B54B-4315-9D8B-30BADAE87A56}.Debug|Any CPU.Build.0 = Debug|Any CPU
		{71ECF401-B54B-4315-9D8B-30BADAE87A56}.Release|Any CPU.ActiveCfg = Release|Any CPU
		{71ECF401-B54B-4315-9D8B-30BADAE87A56}.Release|Any CPU.Build.0 = Release|Any CPU
		{0A4D3C31-35C7-486C-A766-1BF23D096E82}.Debug|Any CPU.ActiveCfg = Debug|Any CPU
		{0A4D3C31-35C7-486C-A766-1BF23D096E82}.Debug|Any CPU.Build.0 = Debug|Any CPU
		{0A4D3C31-35C7-486C-A766-1BF23D096E82}.Release|Any CPU.ActiveCfg = Release|Any CPU
		{0A4D3C31-35C7-486C-A766-1BF23D096E82}.Release|Any CPU.Build.0 = Release|Any CPU
		{1105DBBA-A5F6-4C84-A79A-D6E795652A3B}.Debug|Any CPU.ActiveCfg = Debug|Any CPU
		{1105DBBA-A5F6-4C84-A79A-D6E795652A3B}.Debug|Any CPU.Build.0 = Debug|Any CPU
		{1105DBBA-A5F6-4C84-A79A-D6E795652A3B}.Release|Any CPU.ActiveCfg = Release|Any CPU
		{1105DBBA-A5F6-4C84-A79A-D6E795652A3B}.Release|Any CPU.Build.0 = Release|Any CPU
		{FD8FD403-543C-4A7B-9F52-9FA79BE0FB20}.Debug|Any CPU.ActiveCfg = Debug|Any CPU
		{FD8FD403-543C-4A7B-9F52-9FA79BE0FB20}.Debug|Any CPU.Build.0 = Debug|Any CPU
		{FD8FD403-543C-4A7B-9F52-9FA79BE0FB20}.Release|Any CPU.ActiveCfg = Release|Any CPU
		{FD8FD403-543C-4A7B-9F52-9FA79BE0FB20}.Release|Any CPU.Build.0 = Release|Any CPU
		{CA78880D-BB71-4DA4-8961-5A4D29AD289B}.Debug|Any CPU.ActiveCfg = Debug|Any CPU
		{CA78880D-BB71-4DA4-8961-5A4D29AD289B}.Debug|Any CPU.Build.0 = Debug|Any CPU
		{CA78880D-BB71-4DA4-8961-5A4D29AD289B}.Release|Any CPU.ActiveCfg = Release|Any CPU
		{CA78880D-BB71-4DA4-8961-5A4D29AD289B}.Release|Any CPU.Build.0 = Release|Any CPU
		{55460886-7ED4-40C1-8D86-57B39A7F301F}.Debug|Any CPU.ActiveCfg = Debug|Any CPU
		{55460886-7ED4-40C1-8D86-57B39A7F301F}.Debug|Any CPU.Build.0 = Debug|Any CPU
		{55460886-7ED4-40C1-8D86-57B39A7F301F}.Release|Any CPU.ActiveCfg = Release|Any CPU
		{55460886-7ED4-40C1-8D86-57B39A7F301F}.Release|Any CPU.Build.0 = Release|Any CPU
		{E8DE6D24-E6CD-470E-9FC1-43496405F35C}.Debug|Any CPU.ActiveCfg = Debug|Any CPU
		{E8DE6D24-E6CD-470E-9FC1-43496405F35C}.Debug|Any CPU.Build.0 = Debug|Any CPU
		{E8DE6D24-E6CD-470E-9FC1-43496405F35C}.Release|Any CPU.ActiveCfg = Release|Any CPU
		{E8DE6D24-E6CD-470E-9FC1-43496405F35C}.Release|Any CPU.Build.0 = Release|Any CPU
		{0CA7C133-5C6B-4F08-AD7B-077A99A6C749}.Debug|Any CPU.ActiveCfg = Debug|Any CPU
		{0CA7C133-5C6B-4F08-AD7B-077A99A6C749}.Debug|Any CPU.Build.0 = Debug|Any CPU
		{0CA7C133-5C6B-4F08-AD7B-077A99A6C749}.Release|Any CPU.ActiveCfg = Release|Any CPU
		{0CA7C133-5C6B-4F08-AD7B-077A99A6C749}.Release|Any CPU.Build.0 = Release|Any CPU
		{7EFFE152-9913-4569-ABFF-F87D346EF7F8}.Debug|Any CPU.ActiveCfg = Debug|Any CPU
		{7EFFE152-9913-4569-ABFF-F87D346EF7F8}.Debug|Any CPU.Build.0 = Debug|Any CPU
		{7EFFE152-9913-4569-ABFF-F87D346EF7F8}.Release|Any CPU.ActiveCfg = Release|Any CPU
		{7EFFE152-9913-4569-ABFF-F87D346EF7F8}.Release|Any CPU.Build.0 = Release|Any CPU
		{9C441382-AB5D-4C8A-B190-D52D2F21239D}.Debug|Any CPU.ActiveCfg = Debug|Any CPU
		{9C441382-AB5D-4C8A-B190-D52D2F21239D}.Debug|Any CPU.Build.0 = Debug|Any CPU
		{9C441382-AB5D-4C8A-B190-D52D2F21239D}.Release|Any CPU.ActiveCfg = Release|Any CPU
		{9C441382-AB5D-4C8A-B190-D52D2F21239D}.Release|Any CPU.Build.0 = Release|Any CPU
		{3A5AFAA2-A8A6-4920-A2BC-E7AFC13C93A8}.Debug|Any CPU.ActiveCfg = Debug|Any CPU
		{3A5AFAA2-A8A6-4920-A2BC-E7AFC13C93A8}.Debug|Any CPU.Build.0 = Debug|Any CPU
		{3A5AFAA2-A8A6-4920-A2BC-E7AFC13C93A8}.Release|Any CPU.ActiveCfg = Release|Any CPU
		{3A5AFAA2-A8A6-4920-A2BC-E7AFC13C93A8}.Release|Any CPU.Build.0 = Release|Any CPU
		{4A4725BE-6350-42BE-B78E-8A8F1848CECC}.Debug|Any CPU.ActiveCfg = Debug|Any CPU
		{4A4725BE-6350-42BE-B78E-8A8F1848CECC}.Debug|Any CPU.Build.0 = Debug|Any CPU
		{4A4725BE-6350-42BE-B78E-8A8F1848CECC}.Release|Any CPU.ActiveCfg = Release|Any CPU
		{4A4725BE-6350-42BE-B78E-8A8F1848CECC}.Release|Any CPU.Build.0 = Release|Any CPU
		{FC42CD61-CD6B-4F5B-90A1-D571C227440D}.Debug|Any CPU.ActiveCfg = Debug|Any CPU
		{FC42CD61-CD6B-4F5B-90A1-D571C227440D}.Debug|Any CPU.Build.0 = Debug|Any CPU
		{FC42CD61-CD6B-4F5B-90A1-D571C227440D}.Release|Any CPU.ActiveCfg = Release|Any CPU
		{FC42CD61-CD6B-4F5B-90A1-D571C227440D}.Release|Any CPU.Build.0 = Release|Any CPU
		{C67CC974-996D-4358-A0A7-08AE00EBFB25}.Debug|Any CPU.ActiveCfg = Debug|Any CPU
		{C67CC974-996D-4358-A0A7-08AE00EBFB25}.Debug|Any CPU.Build.0 = Debug|Any CPU
		{C67CC974-996D-4358-A0A7-08AE00EBFB25}.Release|Any CPU.ActiveCfg = Release|Any CPU
		{C67CC974-996D-4358-A0A7-08AE00EBFB25}.Release|Any CPU.Build.0 = Release|Any CPU
		{DC7DCC6F-CB2E-49E2-9B7A-26195C56293F}.Debug|Any CPU.ActiveCfg = Debug|Any CPU
		{DC7DCC6F-CB2E-49E2-9B7A-26195C56293F}.Debug|Any CPU.Build.0 = Debug|Any CPU
		{DC7DCC6F-CB2E-49E2-9B7A-26195C56293F}.Release|Any CPU.ActiveCfg = Release|Any CPU
		{DC7DCC6F-CB2E-49E2-9B7A-26195C56293F}.Release|Any CPU.Build.0 = Release|Any CPU
	EndGlobalSection
	GlobalSection(SolutionProperties) = preSolution
		HideSolutionNode = FALSE
	EndGlobalSection
	GlobalSection(NestedProjects) = preSolution
		{76787CE4-5103-4C03-8649-ED2582B3DF3E} = {45931BE3-E441-4FB0-9A9F-BFE0C3E8D51C}
		{71ECF401-B54B-4315-9D8B-30BADAE87A56} = {C95AB283-E95B-49A3-8E22-B22133448A33}
		{0A4D3C31-35C7-486C-A766-1BF23D096E82} = {C60A06A1-E288-45F7-A959-B97516987FAD}
		{1105DBBA-A5F6-4C84-A79A-D6E795652A3B} = {434BEB79-C6AE-4E99-9384-89738CA8C564}
		{FD8FD403-543C-4A7B-9F52-9FA79BE0FB20} = {536F1DD6-5FE7-42D0-8492-B56A5A0FB40F}
		{CA78880D-BB71-4DA4-8961-5A4D29AD289B} = {906657FE-5BBF-48D1-928E-F03EF2EC2B81}
		{55460886-7ED4-40C1-8D86-57B39A7F301F} = {EDA171C9-6C7D-4664-AC23-71C5F7410727}
		{E8DE6D24-E6CD-470E-9FC1-43496405F35C} = {A9CCDD36-B170-44CB-BEB5-A0156612C9A8}
		{0CA7C133-5C6B-4F08-AD7B-077A99A6C749} = {A9088CBA-018E-4671-9CBA-9F209B182CC4}
		{7EFFE152-9913-4569-ABFF-F87D346EF7F8} = {A0870B78-FCE9-4E0F-B9D9-6D6472DBF540}
		{9C441382-AB5D-4C8A-B190-D52D2F21239D} = {5D2DFE03-63F2-47A2-B759-8AA678E0AA48}
		{3A5AFAA2-A8A6-4920-A2BC-E7AFC13C93A8} = {52BE96AA-D9DC-4AA9-927D-262264B629B4}
		{4A4725BE-6350-42BE-B78E-8A8F1848CECC} = {1A4078A9-6A4C-422E-95F6-E59D83F94F5D}
		{FC42CD61-CD6B-4F5B-90A1-D571C227440D} = {EDA171C9-6C7D-4664-AC23-71C5F7410727}
		{C67CC974-996D-4358-A0A7-08AE00EBFB25} = {EDA171C9-6C7D-4664-AC23-71C5F7410727}
		{DC7DCC6F-CB2E-49E2-9B7A-26195C56293F} = {27AC214E-A695-4907-AF75-B4646B0CE00D}
	EndGlobalSection
	GlobalSection(ExtensibilityGlobals) = postSolution
		SolutionGuid = {95C13CBD-8FAA-42B9-BD55-4A2E00A477DD}
	EndGlobalSection
EndGlobal
