
Microsoft Visual Studio Solution File, Format Version 12.00
# Visual Studio Version 17
VisualStudioVersion = 17.1.32210.238
MinimumVisualStudioVersion = 10.0.40219.1
Project("{2150E333-8FDC-42A3-9474-1A3956D46DE8}") = "Task1", "Task1", "{45931BE3-E441-4FB0-9A9F-BFE0C3E8D51C}"
EndProject
Project("{FAE04EC0-301F-11D3-BF4B-00C04F79EFBC}") = "Task1", "Task1\Task1.csproj", "{76787CE4-5103-4C03-8649-ED2582B3DF3E}"
EndProject
Global
	GlobalSection(SolutionConfigurationPlatforms) = preSolution
		Debug|Any CPU = Debug|Any CPU
		Release|Any CPU = Release|Any CPU
	EndGlobalSection
	GlobalSection(ProjectConfigurationPlatforms) = postSolution
		{76787CE4-5103-4C03-8649-ED2582B3DF3E}.Debug|Any CPU.ActiveCfg = Debug|Any CPU
		{76787CE4-5103-4C03-8649-ED2582B3DF3E}.Debug|Any CPU.Build.0 = Debug|Any CPU
		{76787CE4-5103-4C03-8649-ED2582B3DF3E}.Release|Any CPU.ActiveCfg = Release|Any CPU
		{76787CE4-5103-4C03-8649-ED2582B3DF3E}.Release|Any CPU.Build.0 = Release|Any CPU
	EndGlobalSection
	GlobalSection(SolutionProperties) = preSolution
		HideSolutionNode = FALSE
	EndGlobalSection
	GlobalSection(NestedProjects) = preSolution
		{76787CE4-5103-4C03-8649-ED2582B3DF3E} = {45931BE3-E441-4FB0-9A9F-BFE0C3E8D51C}
	EndGlobalSection
	GlobalSection(ExtensibilityGlobals) = postSolution
		SolutionGuid = {95C13CBD-8FAA-42B9-BD55-4A2E00A477DD}
	EndGlobalSection
EndGlobal
